// !$*UTF8*$!
{
	archiveVersion = 1;
	classes = {
	};
	objectVersion = 46;
	objects = {

/* Begin PBXBuildFile section */
		56023F341CCF7F4A00EAB60F /* floodFillAlgorithmHelper.swift in Sources */ = {isa = PBXBuildFile; fileRef = 56023F331CCF7F4A00EAB60F /* floodFillAlgorithmHelper.swift */; };
		56046EC71CBFAE9500BC2D02 /* PaintingImageView.swift in Sources */ = {isa = PBXBuildFile; fileRef = 56046EC61CBFAE9500BC2D02 /* PaintingImageView.swift */; };
		5604DA641CB8F6760041045E /* ImageViewFloodFillAlgorithm.swift in Sources */ = {isa = PBXBuildFile; fileRef = 5604DA631CB8F6760041045E /* ImageViewFloodFillAlgorithm.swift */; };
		5604DA661CB91F710041045E /* PaletteView.swift in Sources */ = {isa = PBXBuildFile; fileRef = 5604DA651CB91F710041045E /* PaletteView.swift */; };
		5604DA681CB91FE00041045E /* PaletteView.xib in Resources */ = {isa = PBXBuildFile; fileRef = 5604DA671CB91FE00041045E /* PaletteView.xib */; };
		560A46021CB4D5B80030AA0E /* AppDelegate.swift in Sources */ = {isa = PBXBuildFile; fileRef = 560A46011CB4D5B80030AA0E /* AppDelegate.swift */; };
		560A46041CB4D5B80030AA0E /* PaintingViewController.swift in Sources */ = {isa = PBXBuildFile; fileRef = 560A46031CB4D5B80030AA0E /* PaintingViewController.swift */; };
		560A46071CB4D5B80030AA0E /* Main.storyboard in Resources */ = {isa = PBXBuildFile; fileRef = 560A46051CB4D5B80030AA0E /* Main.storyboard */; };
		560A46091CB4D5B80030AA0E /* Assets.xcassets in Resources */ = {isa = PBXBuildFile; fileRef = 560A46081CB4D5B80030AA0E /* Assets.xcassets */; };
		560A460C1CB4D5B80030AA0E /* LaunchScreen.storyboard in Resources */ = {isa = PBXBuildFile; fileRef = 560A460A1CB4D5B80030AA0E /* LaunchScreen.storyboard */; };
		560A46171CB4D5B80030AA0E /* MyRecolorTests.swift in Sources */ = {isa = PBXBuildFile; fileRef = 560A46161CB4D5B80030AA0E /* MyRecolorTests.swift */; };
		5616EFC41CC46B1B009EA7DC /* SwiftPrompts.swift in Sources */ = {isa = PBXBuildFile; fileRef = 5616EFC11CC46B1B009EA7DC /* SwiftPrompts.swift */; };
		5616EFC51CC46B1B009EA7DC /* SwiftPromptsView.swift in Sources */ = {isa = PBXBuildFile; fileRef = 5616EFC21CC46B1B009EA7DC /* SwiftPromptsView.swift */; };
		5616EFC61CC46B1B009EA7DC /* UIImageEffects.swift in Sources */ = {isa = PBXBuildFile; fileRef = 5616EFC31CC46B1B009EA7DC /* UIImageEffects.swift */; };
		561B90E41CC2606F009219F7 /* ZoomPresentAnimationController.swift in Sources */ = {isa = PBXBuildFile; fileRef = 561B90E31CC2606F009219F7 /* ZoomPresentAnimationController.swift */; };
		561B90E81CC263EE009219F7 /* ZoomDismissAnimationController.swift in Sources */ = {isa = PBXBuildFile; fileRef = 561B90E71CC263ED009219F7 /* ZoomDismissAnimationController.swift */; };
		563597621CBE1A1C0062A764 /* ImageSource.xcdatamodeld in Sources */ = {isa = PBXBuildFile; fileRef = 563597601CBE1A1C0062A764 /* ImageSource.xcdatamodeld */; };
		563597641CBE1C2C0062A764 /* CoreData.framework in Frameworks */ = {isa = PBXBuildFile; fileRef = 563597631CBE1C2C0062A764 /* CoreData.framework */; };
		563597711CBE39A50062A764 /* ImageSource.swift in Sources */ = {isa = PBXBuildFile; fileRef = 563597701CBE39A50062A764 /* ImageSource.swift */; };
		564736541CB7DCBD001E291C /* tempCode.swift in Sources */ = {isa = PBXBuildFile; fileRef = 564736531CB7DCBD001E291C /* tempCode.swift */; };
		564736581CB7DFBD001E291C /* MainViewController.swift in Sources */ = {isa = PBXBuildFile; fileRef = 564736571CB7DFBD001E291C /* MainViewController.swift */; };
		5647365D1CB7E7BA001E291C /* ImageCollectionViewCell.swift in Sources */ = {isa = PBXBuildFile; fileRef = 5647365C1CB7E7BA001E291C /* ImageCollectionViewCell.swift */; };
		56477F211CB8BC370052123D /* AlbumCollectionViewLayout.swift in Sources */ = {isa = PBXBuildFile; fileRef = 56477F201CB8BC370052123D /* AlbumCollectionViewLayout.swift */; };
		5654D4691CD090C9008D9CEC /* OpenCVWrapper.mm in Sources */ = {isa = PBXBuildFile; fileRef = 5654D4681CD090C9008D9CEC /* OpenCVWrapper.mm */; };
		5658FB1F1CC1178300DA3544 /* PaletteViewHeadButton.swift in Sources */ = {isa = PBXBuildFile; fileRef = 5658FB1E1CC1178300DA3544 /* PaletteViewHeadButton.swift */; };
		56C46F461CF718FB0076EF27 /* opencv2.framework in Frameworks */ = {isa = PBXBuildFile; fileRef = 56C46F451CF718FB0076EF27 /* opencv2.framework */; };
		56CF565D1CC779B8001C709B /* PromptsView.swift in Sources */ = {isa = PBXBuildFile; fileRef = 56CF565C1CC779B8001C709B /* PromptsView.swift */; };
		56CF566F1CC7A710001C709B /* image1.PNG in Resources */ = {isa = PBXBuildFile; fileRef = 56CF565F1CC7A710001C709B /* image1.PNG */; };
		56CF56701CC7A710001C709B /* image10.PNG in Resources */ = {isa = PBXBuildFile; fileRef = 56CF56601CC7A710001C709B /* image10.PNG */; };
		56CF56711CC7A710001C709B /* image11.PNG in Resources */ = {isa = PBXBuildFile; fileRef = 56CF56611CC7A710001C709B /* image11.PNG */; };
		56CF56721CC7A710001C709B /* image12.PNG in Resources */ = {isa = PBXBuildFile; fileRef = 56CF56621CC7A710001C709B /* image12.PNG */; };
		56CF56731CC7A710001C709B /* image13.PNG in Resources */ = {isa = PBXBuildFile; fileRef = 56CF56631CC7A710001C709B /* image13.PNG */; };
		56CF56741CC7A710001C709B /* image14.PNG in Resources */ = {isa = PBXBuildFile; fileRef = 56CF56641CC7A710001C709B /* image14.PNG */; };
		56CF56751CC7A710001C709B /* image15.PNG in Resources */ = {isa = PBXBuildFile; fileRef = 56CF56651CC7A710001C709B /* image15.PNG */; };
		56CF56761CC7A710001C709B /* image16.PNG in Resources */ = {isa = PBXBuildFile; fileRef = 56CF56661CC7A710001C709B /* image16.PNG */; };
		56CF56771CC7A710001C709B /* image2.PNG in Resources */ = {isa = PBXBuildFile; fileRef = 56CF56671CC7A710001C709B /* image2.PNG */; };
		56CF56781CC7A710001C709B /* image3.PNG in Resources */ = {isa = PBXBuildFile; fileRef = 56CF56681CC7A710001C709B /* image3.PNG */; };
		56CF56791CC7A710001C709B /* image4.PNG in Resources */ = {isa = PBXBuildFile; fileRef = 56CF56691CC7A710001C709B /* image4.PNG */; };
		56CF567A1CC7A710001C709B /* image5.PNG in Resources */ = {isa = PBXBuildFile; fileRef = 56CF566A1CC7A710001C709B /* image5.PNG */; };
		56CF567B1CC7A710001C709B /* image6.PNG in Resources */ = {isa = PBXBuildFile; fileRef = 56CF566B1CC7A710001C709B /* image6.PNG */; };
		56CF567C1CC7A710001C709B /* image7.PNG in Resources */ = {isa = PBXBuildFile; fileRef = 56CF566C1CC7A710001C709B /* image7.PNG */; };
		56CF567D1CC7A710001C709B /* image8.PNG in Resources */ = {isa = PBXBuildFile; fileRef = 56CF566D1CC7A710001C709B /* image8.PNG */; };
		56CF567E1CC7A710001C709B /* image9.PNG in Resources */ = {isa = PBXBuildFile; fileRef = 56CF566E1CC7A710001C709B /* image9.PNG */; };
		56ECC5D81CB9F75100C4A856 /* ColorCollectionView.swift in Sources */ = {isa = PBXBuildFile; fileRef = 56ECC5D71CB9F75100C4A856 /* ColorCollectionView.swift */; };
		56ECC5DA1CB9FBE100C4A856 /* ColorCollectionViewLayout.swift in Sources */ = {isa = PBXBuildFile; fileRef = 56ECC5D91CB9FBE100C4A856 /* ColorCollectionViewLayout.swift */; };
		56ECC5DC1CBA1AA100C4A856 /* Define.swift in Sources */ = {isa = PBXBuildFile; fileRef = 56ECC5DB1CBA1AA100C4A856 /* Define.swift */; };
		56ECC5DE1CBA2EBB00C4A856 /* BrightnessView.swift in Sources */ = {isa = PBXBuildFile; fileRef = 56ECC5DD1CBA2EBB00C4A856 /* BrightnessView.swift */; };
/* End PBXBuildFile section */

/* Begin PBXContainerItemProxy section */
		560A46131CB4D5B80030AA0E /* PBXContainerItemProxy */ = {
			isa = PBXContainerItemProxy;
			containerPortal = 560A45F61CB4D5B80030AA0E /* Project object */;
			proxyType = 1;
			remoteGlobalIDString = 560A45FD1CB4D5B80030AA0E;
			remoteInfo = MyRecolor;
		};
/* End PBXContainerItemProxy section */

/* Begin PBXFileReference section */
		56023F331CCF7F4A00EAB60F /* floodFillAlgorithmHelper.swift */ = {isa = PBXFileReference; fileEncoding = 4; lastKnownFileType = sourcecode.swift; path = floodFillAlgorithmHelper.swift; sourceTree = "<group>"; };
		56046EC61CBFAE9500BC2D02 /* PaintingImageView.swift */ = {isa = PBXFileReference; fileEncoding = 4; lastKnownFileType = sourcecode.swift; path = PaintingImageView.swift; sourceTree = "<group>"; };
		5604DA631CB8F6760041045E /* ImageViewFloodFillAlgorithm.swift */ = {isa = PBXFileReference; fileEncoding = 4; lastKnownFileType = sourcecode.swift; path = ImageViewFloodFillAlgorithm.swift; sourceTree = "<group>"; };
		5604DA651CB91F710041045E /* PaletteView.swift */ = {isa = PBXFileReference; fileEncoding = 4; lastKnownFileType = sourcecode.swift; path = PaletteView.swift; sourceTree = "<group>"; };
		5604DA671CB91FE00041045E /* PaletteView.xib */ = {isa = PBXFileReference; fileEncoding = 4; lastKnownFileType = file.xib; path = PaletteView.xib; sourceTree = "<group>"; };
		560A45FE1CB4D5B80030AA0E /* MyRecolor.app */ = {isa = PBXFileReference; explicitFileType = wrapper.application; includeInIndex = 0; path = MyRecolor.app; sourceTree = BUILT_PRODUCTS_DIR; };
		560A46011CB4D5B80030AA0E /* AppDelegate.swift */ = {isa = PBXFileReference; lastKnownFileType = sourcecode.swift; path = AppDelegate.swift; sourceTree = "<group>"; };
		560A46031CB4D5B80030AA0E /* PaintingViewController.swift */ = {isa = PBXFileReference; lastKnownFileType = sourcecode.swift; path = PaintingViewController.swift; sourceTree = "<group>"; };
		560A46061CB4D5B80030AA0E /* Base */ = {isa = PBXFileReference; lastKnownFileType = file.storyboard; name = Base; path = Base.lproj/Main.storyboard; sourceTree = "<group>"; };
		560A46081CB4D5B80030AA0E /* Assets.xcassets */ = {isa = PBXFileReference; lastKnownFileType = folder.assetcatalog; path = Assets.xcassets; sourceTree = "<group>"; };
		560A460B1CB4D5B80030AA0E /* Base */ = {isa = PBXFileReference; lastKnownFileType = file.storyboard; name = Base; path = Base.lproj/LaunchScreen.storyboard; sourceTree = "<group>"; };
		560A460D1CB4D5B80030AA0E /* Info.plist */ = {isa = PBXFileReference; lastKnownFileType = text.plist.xml; path = Info.plist; sourceTree = "<group>"; };
		560A46121CB4D5B80030AA0E /* MyRecolorTests.xctest */ = {isa = PBXFileReference; explicitFileType = wrapper.cfbundle; includeInIndex = 0; path = MyRecolorTests.xctest; sourceTree = BUILT_PRODUCTS_DIR; };
		560A46161CB4D5B80030AA0E /* MyRecolorTests.swift */ = {isa = PBXFileReference; lastKnownFileType = sourcecode.swift; path = MyRecolorTests.swift; sourceTree = "<group>"; };
		560A46181CB4D5B80030AA0E /* Info.plist */ = {isa = PBXFileReference; lastKnownFileType = text.plist.xml; path = Info.plist; sourceTree = "<group>"; };
		5616EFC11CC46B1B009EA7DC /* SwiftPrompts.swift */ = {isa = PBXFileReference; fileEncoding = 4; lastKnownFileType = sourcecode.swift; path = SwiftPrompts.swift; sourceTree = "<group>"; };
		5616EFC21CC46B1B009EA7DC /* SwiftPromptsView.swift */ = {isa = PBXFileReference; fileEncoding = 4; lastKnownFileType = sourcecode.swift; path = SwiftPromptsView.swift; sourceTree = "<group>"; };
		5616EFC31CC46B1B009EA7DC /* UIImageEffects.swift */ = {isa = PBXFileReference; fileEncoding = 4; lastKnownFileType = sourcecode.swift; path = UIImageEffects.swift; sourceTree = "<group>"; };
		561B90E31CC2606F009219F7 /* ZoomPresentAnimationController.swift */ = {isa = PBXFileReference; fileEncoding = 4; lastKnownFileType = sourcecode.swift; path = ZoomPresentAnimationController.swift; sourceTree = "<group>"; };
		561B90E71CC263ED009219F7 /* ZoomDismissAnimationController.swift */ = {isa = PBXFileReference; fileEncoding = 4; lastKnownFileType = sourcecode.swift; path = ZoomDismissAnimationController.swift; sourceTree = "<group>"; };
		563597611CBE1A1C0062A764 /* ImageSource.xcdatamodel */ = {isa = PBXFileReference; lastKnownFileType = wrapper.xcdatamodel; path = ImageSource.xcdatamodel; sourceTree = "<group>"; };
		563597631CBE1C2C0062A764 /* CoreData.framework */ = {isa = PBXFileReference; lastKnownFileType = wrapper.framework; name = CoreData.framework; path = System/Library/Frameworks/CoreData.framework; sourceTree = SDKROOT; };
		563597701CBE39A50062A764 /* ImageSource.swift */ = {isa = PBXFileReference; fileEncoding = 4; lastKnownFileType = sourcecode.swift; path = ImageSource.swift; sourceTree = "<group>"; };
		564736531CB7DCBD001E291C /* tempCode.swift */ = {isa = PBXFileReference; fileEncoding = 4; lastKnownFileType = sourcecode.swift; path = tempCode.swift; sourceTree = "<group>"; };
		564736571CB7DFBD001E291C /* MainViewController.swift */ = {isa = PBXFileReference; fileEncoding = 4; lastKnownFileType = sourcecode.swift; path = MainViewController.swift; sourceTree = "<group>"; };
		5647365C1CB7E7BA001E291C /* ImageCollectionViewCell.swift */ = {isa = PBXFileReference; fileEncoding = 4; lastKnownFileType = sourcecode.swift; path = ImageCollectionViewCell.swift; sourceTree = "<group>"; };
		56477F201CB8BC370052123D /* AlbumCollectionViewLayout.swift */ = {isa = PBXFileReference; fileEncoding = 4; lastKnownFileType = sourcecode.swift; path = AlbumCollectionViewLayout.swift; sourceTree = "<group>"; };
		5654D4661CD090C9008D9CEC /* MyRecolor-Bridging-Header.h */ = {isa = PBXFileReference; lastKnownFileType = sourcecode.c.h; path = "MyRecolor-Bridging-Header.h"; sourceTree = "<group>"; };
		5654D4671CD090C9008D9CEC /* OpenCVWrapper.h */ = {isa = PBXFileReference; fileEncoding = 4; lastKnownFileType = sourcecode.c.h; path = OpenCVWrapper.h; sourceTree = "<group>"; };
		5654D4681CD090C9008D9CEC /* OpenCVWrapper.mm */ = {isa = PBXFileReference; fileEncoding = 4; lastKnownFileType = sourcecode.cpp.objcpp; path = OpenCVWrapper.mm; sourceTree = "<group>"; };
		5658FB1E1CC1178300DA3544 /* PaletteViewHeadButton.swift */ = {isa = PBXFileReference; fileEncoding = 4; lastKnownFileType = sourcecode.swift; path = PaletteViewHeadButton.swift; sourceTree = "<group>"; };
		56C46F451CF718FB0076EF27 /* opencv2.framework */ = {isa = PBXFileReference; lastKnownFileType = wrapper.framework; name = opencv2.framework; path = ../../../../Volumes/LINSW/MyRecolorFramework/opencv2.framework; sourceTree = "<group>"; };
		56CF565C1CC779B8001C709B /* PromptsView.swift */ = {isa = PBXFileReference; fileEncoding = 4; lastKnownFileType = sourcecode.swift; path = PromptsView.swift; sourceTree = "<group>"; };
		56CF565F1CC7A710001C709B /* image1.PNG */ = {isa = PBXFileReference; lastKnownFileType = image.png; path = image1.PNG; sourceTree = "<group>"; };
		56CF56601CC7A710001C709B /* image10.PNG */ = {isa = PBXFileReference; lastKnownFileType = image.png; path = image10.PNG; sourceTree = "<group>"; };
		56CF56611CC7A710001C709B /* image11.PNG */ = {isa = PBXFileReference; lastKnownFileType = image.png; path = image11.PNG; sourceTree = "<group>"; };
		56CF56621CC7A710001C709B /* image12.PNG */ = {isa = PBXFileReference; lastKnownFileType = image.png; path = image12.PNG; sourceTree = "<group>"; };
		56CF56631CC7A710001C709B /* image13.PNG */ = {isa = PBXFileReference; lastKnownFileType = image.png; path = image13.PNG; sourceTree = "<group>"; };
		56CF56641CC7A710001C709B /* image14.PNG */ = {isa = PBXFileReference; lastKnownFileType = image.png; path = image14.PNG; sourceTree = "<group>"; };
		56CF56651CC7A710001C709B /* image15.PNG */ = {isa = PBXFileReference; lastKnownFileType = image.png; path = image15.PNG; sourceTree = "<group>"; };
		56CF56661CC7A710001C709B /* image16.PNG */ = {isa = PBXFileReference; lastKnownFileType = image.png; path = image16.PNG; sourceTree = "<group>"; };
		56CF56671CC7A710001C709B /* image2.PNG */ = {isa = PBXFileReference; lastKnownFileType = image.png; path = image2.PNG; sourceTree = "<group>"; };
		56CF56681CC7A710001C709B /* image3.PNG */ = {isa = PBXFileReference; lastKnownFileType = image.png; path = image3.PNG; sourceTree = "<group>"; };
		56CF56691CC7A710001C709B /* image4.PNG */ = {isa = PBXFileReference; lastKnownFileType = image.png; path = image4.PNG; sourceTree = "<group>"; };
		56CF566A1CC7A710001C709B /* image5.PNG */ = {isa = PBXFileReference; lastKnownFileType = image.png; path = image5.PNG; sourceTree = "<group>"; };
		56CF566B1CC7A710001C709B /* image6.PNG */ = {isa = PBXFileReference; lastKnownFileType = image.png; path = image6.PNG; sourceTree = "<group>"; };
		56CF566C1CC7A710001C709B /* image7.PNG */ = {isa = PBXFileReference; lastKnownFileType = image.png; path = image7.PNG; sourceTree = "<group>"; };
		56CF566D1CC7A710001C709B /* image8.PNG */ = {isa = PBXFileReference; lastKnownFileType = image.png; path = image8.PNG; sourceTree = "<group>"; };
		56CF566E1CC7A710001C709B /* image9.PNG */ = {isa = PBXFileReference; lastKnownFileType = image.png; path = image9.PNG; sourceTree = "<group>"; };
		56ECC5D71CB9F75100C4A856 /* ColorCollectionView.swift */ = {isa = PBXFileReference; fileEncoding = 4; lastKnownFileType = sourcecode.swift; path = ColorCollectionView.swift; sourceTree = "<group>"; };
		56ECC5D91CB9FBE100C4A856 /* ColorCollectionViewLayout.swift */ = {isa = PBXFileReference; fileEncoding = 4; lastKnownFileType = sourcecode.swift; path = ColorCollectionViewLayout.swift; sourceTree = "<group>"; };
		56ECC5DB1CBA1AA100C4A856 /* Define.swift */ = {isa = PBXFileReference; fileEncoding = 4; lastKnownFileType = sourcecode.swift; path = Define.swift; sourceTree = "<group>"; };
		56ECC5DD1CBA2EBB00C4A856 /* BrightnessView.swift */ = {isa = PBXFileReference; fileEncoding = 4; lastKnownFileType = sourcecode.swift; path = BrightnessView.swift; sourceTree = "<group>"; };
/* End PBXFileReference section */

/* Begin PBXFrameworksBuildPhase section */
		560A45FB1CB4D5B80030AA0E /* Frameworks */ = {
			isa = PBXFrameworksBuildPhase;
			buildActionMask = 2147483647;
			files = (
				56C46F461CF718FB0076EF27 /* opencv2.framework in Frameworks */,
				563597641CBE1C2C0062A764 /* CoreData.framework in Frameworks */,
			);
			runOnlyForDeploymentPostprocessing = 0;
		};
		560A460F1CB4D5B80030AA0E /* Frameworks */ = {
			isa = PBXFrameworksBuildPhase;
			buildActionMask = 2147483647;
			files = (
			);
			runOnlyForDeploymentPostprocessing = 0;
		};
/* End PBXFrameworksBuildPhase section */

/* Begin PBXGroup section */
		560A45F51CB4D5B80030AA0E = {
			isa = PBXGroup;
			children = (
				56C46F451CF718FB0076EF27 /* opencv2.framework */,
				563597631CBE1C2C0062A764 /* CoreData.framework */,
				560A46001CB4D5B80030AA0E /* MyRecolor */,
				560A46151CB4D5B80030AA0E /* MyRecolorTests */,
				560A45FF1CB4D5B80030AA0E /* Products */,
			);
			sourceTree = "<group>";
		};
		560A45FF1CB4D5B80030AA0E /* Products */ = {
			isa = PBXGroup;
			children = (
				560A45FE1CB4D5B80030AA0E /* MyRecolor.app */,
				560A46121CB4D5B80030AA0E /* MyRecolorTests.xctest */,
			);
			name = Products;
			sourceTree = "<group>";
		};
		560A46001CB4D5B80030AA0E /* MyRecolor */ = {
			isa = PBXGroup;
			children = (
				56CF565E1CC7A710001C709B /* content */,
				5616EFC71CC46B23009EA7DC /* SwiftPrompts */,
				564736591CB7E13E001E291C /* MainView */,
				561B90E21CC25FBE009219F7 /* Animation Controllers */,
				5647365A1CB7E156001E291C /* PaintView */,
				5647365B1CB7E184001E291C /* support */,
				564736531CB7DCBD001E291C /* tempCode.swift */,
				563597601CBE1A1C0062A764 /* ImageSource.xcdatamodeld */,
			);
			path = MyRecolor;
			sourceTree = "<group>";
		};
		560A46151CB4D5B80030AA0E /* MyRecolorTests */ = {
			isa = PBXGroup;
			children = (
				560A46161CB4D5B80030AA0E /* MyRecolorTests.swift */,
				560A46181CB4D5B80030AA0E /* Info.plist */,
			);
			path = MyRecolorTests;
			sourceTree = "<group>";
		};
		5616EFC71CC46B23009EA7DC /* SwiftPrompts */ = {
			isa = PBXGroup;
			children = (
				5616EFC11CC46B1B009EA7DC /* SwiftPrompts.swift */,
				5616EFC21CC46B1B009EA7DC /* SwiftPromptsView.swift */,
				5616EFC31CC46B1B009EA7DC /* UIImageEffects.swift */,
			);
			name = SwiftPrompts;
			sourceTree = "<group>";
		};
		561B90E21CC25FBE009219F7 /* Animation Controllers */ = {
			isa = PBXGroup;
			children = (
				561B90E31CC2606F009219F7 /* ZoomPresentAnimationController.swift */,
				561B90E71CC263ED009219F7 /* ZoomDismissAnimationController.swift */,
			);
			name = "Animation Controllers";
			sourceTree = "<group>";
		};
		564736591CB7E13E001E291C /* MainView */ = {
			isa = PBXGroup;
			children = (
				564736571CB7DFBD001E291C /* MainViewController.swift */,
				5647365C1CB7E7BA001E291C /* ImageCollectionViewCell.swift */,
				56477F201CB8BC370052123D /* AlbumCollectionViewLayout.swift */,
				563597701CBE39A50062A764 /* ImageSource.swift */,
			);
			name = MainView;
			sourceTree = "<group>";
		};
		5647365A1CB7E156001E291C /* PaintView */ = {
			isa = PBXGroup;
			children = (
				560A46031CB4D5B80030AA0E /* PaintingViewController.swift */,
				56046EC61CBFAE9500BC2D02 /* PaintingImageView.swift */,
				56CF565C1CC779B8001C709B /* PromptsView.swift */,
				56ECC5D61CB9F6C200C4A856 /* PaletteView */,
			);
			name = PaintView;
			sourceTree = "<group>";
		};
		5647365B1CB7E184001E291C /* support */ = {
			isa = PBXGroup;
			children = (
				569AE1571CD0A079005A20D0 /* FloodFillAlgorithm */,
				56ECC5DB1CBA1AA100C4A856 /* Define.swift */,
				560A46051CB4D5B80030AA0E /* Main.storyboard */,
				560A46081CB4D5B80030AA0E /* Assets.xcassets */,
				560A46011CB4D5B80030AA0E /* AppDelegate.swift */,
				560A460A1CB4D5B80030AA0E /* LaunchScreen.storyboard */,
				560A460D1CB4D5B80030AA0E /* Info.plist */,
			);
			name = support;
			sourceTree = "<group>";
		};
		569AE1571CD0A079005A20D0 /* FloodFillAlgorithm */ = {
			isa = PBXGroup;
			children = (
				5604DA631CB8F6760041045E /* ImageViewFloodFillAlgorithm.swift */,
				56023F331CCF7F4A00EAB60F /* floodFillAlgorithmHelper.swift */,
				5654D4671CD090C9008D9CEC /* OpenCVWrapper.h */,
				5654D4681CD090C9008D9CEC /* OpenCVWrapper.mm */,
				5654D4661CD090C9008D9CEC /* MyRecolor-Bridging-Header.h */,
			);
			name = FloodFillAlgorithm;
			sourceTree = "<group>";
		};
		56CF565E1CC7A710001C709B /* content */ = {
			isa = PBXGroup;
			children = (
				56CF565F1CC7A710001C709B /* image1.PNG */,
				56CF56601CC7A710001C709B /* image10.PNG */,
				56CF56611CC7A710001C709B /* image11.PNG */,
				56CF56621CC7A710001C709B /* image12.PNG */,
				56CF56631CC7A710001C709B /* image13.PNG */,
				56CF56641CC7A710001C709B /* image14.PNG */,
				56CF56651CC7A710001C709B /* image15.PNG */,
				56CF56661CC7A710001C709B /* image16.PNG */,
				56CF56671CC7A710001C709B /* image2.PNG */,
				56CF56681CC7A710001C709B /* image3.PNG */,
				56CF56691CC7A710001C709B /* image4.PNG */,
				56CF566A1CC7A710001C709B /* image5.PNG */,
				56CF566B1CC7A710001C709B /* image6.PNG */,
				56CF566C1CC7A710001C709B /* image7.PNG */,
				56CF566D1CC7A710001C709B /* image8.PNG */,
				56CF566E1CC7A710001C709B /* image9.PNG */,
			);
			path = content;
			sourceTree = "<group>";
		};
		56ECC5D61CB9F6C200C4A856 /* PaletteView */ = {
			isa = PBXGroup;
			children = (
				5604DA651CB91F710041045E /* PaletteView.swift */,
				5604DA671CB91FE00041045E /* PaletteView.xib */,
				56ECC5D71CB9F75100C4A856 /* ColorCollectionView.swift */,
				56ECC5D91CB9FBE100C4A856 /* ColorCollectionViewLayout.swift */,
				56ECC5DD1CBA2EBB00C4A856 /* BrightnessView.swift */,
				5658FB1E1CC1178300DA3544 /* PaletteViewHeadButton.swift */,
			);
			name = PaletteView;
			sourceTree = "<group>";
		};
/* End PBXGroup section */

/* Begin PBXNativeTarget section */
		560A45FD1CB4D5B80030AA0E /* MyRecolor */ = {
			isa = PBXNativeTarget;
			buildConfigurationList = 560A461B1CB4D5B80030AA0E /* Build configuration list for PBXNativeTarget "MyRecolor" */;
			buildPhases = (
				560A45FA1CB4D5B80030AA0E /* Sources */,
				560A45FB1CB4D5B80030AA0E /* Frameworks */,
				560A45FC1CB4D5B80030AA0E /* Resources */,
			);
			buildRules = (
			);
			dependencies = (
			);
			name = MyRecolor;
			productName = MyRecolor;
			productReference = 560A45FE1CB4D5B80030AA0E /* MyRecolor.app */;
			productType = "com.apple.product-type.application";
		};
		560A46111CB4D5B80030AA0E /* MyRecolorTests */ = {
			isa = PBXNativeTarget;
			buildConfigurationList = 560A461E1CB4D5B80030AA0E /* Build configuration list for PBXNativeTarget "MyRecolorTests" */;
			buildPhases = (
				560A460E1CB4D5B80030AA0E /* Sources */,
				560A460F1CB4D5B80030AA0E /* Frameworks */,
				560A46101CB4D5B80030AA0E /* Resources */,
			);
			buildRules = (
			);
			dependencies = (
				560A46141CB4D5B80030AA0E /* PBXTargetDependency */,
			);
			name = MyRecolorTests;
			productName = MyRecolorTests;
			productReference = 560A46121CB4D5B80030AA0E /* MyRecolorTests.xctest */;
			productType = "com.apple.product-type.bundle.unit-test";
		};
/* End PBXNativeTarget section */

/* Begin PBXProject section */
		560A45F61CB4D5B80030AA0E /* Project object */ = {
			isa = PBXProject;
			attributes = {
				LastSwiftUpdateCheck = 0720;
				LastUpgradeCheck = 0800;
				ORGANIZATIONNAME = Linsw;
				TargetAttributes = {
					560A45FD1CB4D5B80030AA0E = {
						CreatedOnToolsVersion = 7.2;
						DevelopmentTeam = 4F6NMKB449;
						LastSwiftMigration = 0800;
					};
					560A46111CB4D5B80030AA0E = {
						CreatedOnToolsVersion = 7.2;
						DevelopmentTeam = 4F6NMKB449;
						LastSwiftMigration = 0800;
						TestTargetID = 560A45FD1CB4D5B80030AA0E;
					};
				};
			};
			buildConfigurationList = 560A45F91CB4D5B80030AA0E /* Build configuration list for PBXProject "MyRecolor" */;
			compatibilityVersion = "Xcode 3.2";
			developmentRegion = English;
			hasScannedForEncodings = 0;
			knownRegions = (
				en,
				Base,
			);
			mainGroup = 560A45F51CB4D5B80030AA0E;
			productRefGroup = 560A45FF1CB4D5B80030AA0E /* Products */;
			projectDirPath = "";
			projectRoot = "";
			targets = (
				560A45FD1CB4D5B80030AA0E /* MyRecolor */,
				560A46111CB4D5B80030AA0E /* MyRecolorTests */,
			);
		};
/* End PBXProject section */

/* Begin PBXResourcesBuildPhase section */
		560A45FC1CB4D5B80030AA0E /* Resources */ = {
			isa = PBXResourcesBuildPhase;
			buildActionMask = 2147483647;
			files = (
				560A460C1CB4D5B80030AA0E /* LaunchScreen.storyboard in Resources */,
				56CF567E1CC7A710001C709B /* image9.PNG in Resources */,
				56CF566F1CC7A710001C709B /* image1.PNG in Resources */,
				56CF56731CC7A710001C709B /* image13.PNG in Resources */,
				56CF56701CC7A710001C709B /* image10.PNG in Resources */,
				560A46091CB4D5B80030AA0E /* Assets.xcassets in Resources */,
				56CF567A1CC7A710001C709B /* image5.PNG in Resources */,
				56CF56721CC7A710001C709B /* image12.PNG in Resources */,
				5604DA681CB91FE00041045E /* PaletteView.xib in Resources */,
				56CF567D1CC7A710001C709B /* image8.PNG in Resources */,
				56CF56751CC7A710001C709B /* image15.PNG in Resources */,
				56CF56761CC7A710001C709B /* image16.PNG in Resources */,
				56CF567B1CC7A710001C709B /* image6.PNG in Resources */,
				56CF56771CC7A710001C709B /* image2.PNG in Resources */,
				56CF56711CC7A710001C709B /* image11.PNG in Resources */,
				56CF56791CC7A710001C709B /* image4.PNG in Resources */,
				56CF56781CC7A710001C709B /* image3.PNG in Resources */,
				56CF56741CC7A710001C709B /* image14.PNG in Resources */,
				560A46071CB4D5B80030AA0E /* Main.storyboard in Resources */,
				56CF567C1CC7A710001C709B /* image7.PNG in Resources */,
			);
			runOnlyForDeploymentPostprocessing = 0;
		};
		560A46101CB4D5B80030AA0E /* Resources */ = {
			isa = PBXResourcesBuildPhase;
			buildActionMask = 2147483647;
			files = (
			);
			runOnlyForDeploymentPostprocessing = 0;
		};
/* End PBXResourcesBuildPhase section */

/* Begin PBXSourcesBuildPhase section */
		560A45FA1CB4D5B80030AA0E /* Sources */ = {
			isa = PBXSourcesBuildPhase;
			buildActionMask = 2147483647;
			files = (
				56477F211CB8BC370052123D /* AlbumCollectionViewLayout.swift in Sources */,
				563597711CBE39A50062A764 /* ImageSource.swift in Sources */,
				5616EFC51CC46B1B009EA7DC /* SwiftPromptsView.swift in Sources */,
				5604DA641CB8F6760041045E /* ImageViewFloodFillAlgorithm.swift in Sources */,
				563597621CBE1A1C0062A764 /* ImageSource.xcdatamodeld in Sources */,
				560A46041CB4D5B80030AA0E /* PaintingViewController.swift in Sources */,
				56ECC5DE1CBA2EBB00C4A856 /* BrightnessView.swift in Sources */,
				5658FB1F1CC1178300DA3544 /* PaletteViewHeadButton.swift in Sources */,
				564736541CB7DCBD001E291C /* tempCode.swift in Sources */,
				56ECC5DA1CB9FBE100C4A856 /* ColorCollectionViewLayout.swift in Sources */,
				5604DA661CB91F710041045E /* PaletteView.swift in Sources */,
				56023F341CCF7F4A00EAB60F /* floodFillAlgorithmHelper.swift in Sources */,
				5616EFC41CC46B1B009EA7DC /* SwiftPrompts.swift in Sources */,
				560A46021CB4D5B80030AA0E /* AppDelegate.swift in Sources */,
				5654D4691CD090C9008D9CEC /* OpenCVWrapper.mm in Sources */,
				561B90E81CC263EE009219F7 /* ZoomDismissAnimationController.swift in Sources */,
				56CF565D1CC779B8001C709B /* PromptsView.swift in Sources */,
				56046EC71CBFAE9500BC2D02 /* PaintingImageView.swift in Sources */,
				561B90E41CC2606F009219F7 /* ZoomPresentAnimationController.swift in Sources */,
				5647365D1CB7E7BA001E291C /* ImageCollectionViewCell.swift in Sources */,
				56ECC5DC1CBA1AA100C4A856 /* Define.swift in Sources */,
				56ECC5D81CB9F75100C4A856 /* ColorCollectionView.swift in Sources */,
				564736581CB7DFBD001E291C /* MainViewController.swift in Sources */,
				5616EFC61CC46B1B009EA7DC /* UIImageEffects.swift in Sources */,
			);
			runOnlyForDeploymentPostprocessing = 0;
		};
		560A460E1CB4D5B80030AA0E /* Sources */ = {
			isa = PBXSourcesBuildPhase;
			buildActionMask = 2147483647;
			files = (
				560A46171CB4D5B80030AA0E /* MyRecolorTests.swift in Sources */,
			);
			runOnlyForDeploymentPostprocessing = 0;
		};
/* End PBXSourcesBuildPhase section */

/* Begin PBXTargetDependency section */
		560A46141CB4D5B80030AA0E /* PBXTargetDependency */ = {
			isa = PBXTargetDependency;
			target = 560A45FD1CB4D5B80030AA0E /* MyRecolor */;
			targetProxy = 560A46131CB4D5B80030AA0E /* PBXContainerItemProxy */;
		};
/* End PBXTargetDependency section */

/* Begin PBXVariantGroup section */
		560A46051CB4D5B80030AA0E /* Main.storyboard */ = {
			isa = PBXVariantGroup;
			children = (
				560A46061CB4D5B80030AA0E /* Base */,
			);
			name = Main.storyboard;
			sourceTree = "<group>";
		};
		560A460A1CB4D5B80030AA0E /* LaunchScreen.storyboard */ = {
			isa = PBXVariantGroup;
			children = (
				560A460B1CB4D5B80030AA0E /* Base */,
			);
			name = LaunchScreen.storyboard;
			sourceTree = "<group>";
		};
/* End PBXVariantGroup section */

/* Begin XCBuildConfiguration section */
		560A46191CB4D5B80030AA0E /* Debug */ = {
			isa = XCBuildConfiguration;
			buildSettings = {
				ALWAYS_SEARCH_USER_PATHS = NO;
				CLANG_CXX_LANGUAGE_STANDARD = "gnu++0x";
				CLANG_CXX_LIBRARY = "libc++";
				CLANG_ENABLE_MODULES = YES;
				CLANG_ENABLE_OBJC_ARC = YES;
				CLANG_WARN_BOOL_CONVERSION = YES;
				CLANG_WARN_CONSTANT_CONVERSION = YES;
				CLANG_WARN_DIRECT_OBJC_ISA_USAGE = YES_ERROR;
				CLANG_WARN_EMPTY_BODY = YES;
				CLANG_WARN_ENUM_CONVERSION = YES;
				CLANG_WARN_INFINITE_RECURSION = YES;
				CLANG_WARN_INT_CONVERSION = YES;
				CLANG_WARN_OBJC_ROOT_CLASS = YES_ERROR;
				CLANG_WARN_SUSPICIOUS_MOVE = YES;
				CLANG_WARN_UNREACHABLE_CODE = YES;
				CLANG_WARN__DUPLICATE_METHOD_MATCH = YES;
				"CODE_SIGN_IDENTITY[sdk=iphoneos*]" = "iPhone Developer";
				COPY_PHASE_STRIP = NO;
				DEBUG_INFORMATION_FORMAT = dwarf;
				ENABLE_STRICT_OBJC_MSGSEND = YES;
				ENABLE_TESTABILITY = YES;
				GCC_C_LANGUAGE_STANDARD = gnu99;
				GCC_DYNAMIC_NO_PIC = NO;
				GCC_NO_COMMON_BLOCKS = YES;
				GCC_OPTIMIZATION_LEVEL = 0;
				GCC_PREPROCESSOR_DEFINITIONS = (
					"DEBUG=1",
					"$(inherited)",
				);
				GCC_WARN_64_TO_32_BIT_CONVERSION = YES;
				GCC_WARN_ABOUT_RETURN_TYPE = YES_ERROR;
				GCC_WARN_UNDECLARED_SELECTOR = YES;
				GCC_WARN_UNINITIALIZED_AUTOS = YES_AGGRESSIVE;
				GCC_WARN_UNUSED_FUNCTION = YES;
				GCC_WARN_UNUSED_VARIABLE = YES;
				IPHONEOS_DEPLOYMENT_TARGET = 9.2;
				MTL_ENABLE_DEBUG_INFO = YES;
				ONLY_ACTIVE_ARCH = YES;
				SDKROOT = iphoneos;
				SWIFT_OPTIMIZATION_LEVEL = "-Onone";
				TARGETED_DEVICE_FAMILY = 2;
			};
			name = Debug;
		};
		560A461A1CB4D5B80030AA0E /* Release */ = {
			isa = XCBuildConfiguration;
			buildSettings = {
				ALWAYS_SEARCH_USER_PATHS = NO;
				CLANG_CXX_LANGUAGE_STANDARD = "gnu++0x";
				CLANG_CXX_LIBRARY = "libc++";
				CLANG_ENABLE_MODULES = YES;
				CLANG_ENABLE_OBJC_ARC = YES;
				CLANG_WARN_BOOL_CONVERSION = YES;
				CLANG_WARN_CONSTANT_CONVERSION = YES;
				CLANG_WARN_DIRECT_OBJC_ISA_USAGE = YES_ERROR;
				CLANG_WARN_EMPTY_BODY = YES;
				CLANG_WARN_ENUM_CONVERSION = YES;
				CLANG_WARN_INFINITE_RECURSION = YES;
				CLANG_WARN_INT_CONVERSION = YES;
				CLANG_WARN_OBJC_ROOT_CLASS = YES_ERROR;
				CLANG_WARN_SUSPICIOUS_MOVE = YES;
				CLANG_WARN_UNREACHABLE_CODE = YES;
				CLANG_WARN__DUPLICATE_METHOD_MATCH = YES;
				"CODE_SIGN_IDENTITY[sdk=iphoneos*]" = "iPhone Developer";
				COPY_PHASE_STRIP = NO;
				DEBUG_INFORMATION_FORMAT = "dwarf-with-dsym";
				ENABLE_NS_ASSERTIONS = NO;
				ENABLE_STRICT_OBJC_MSGSEND = YES;
				GCC_C_LANGUAGE_STANDARD = gnu99;
				GCC_NO_COMMON_BLOCKS = YES;
				GCC_WARN_64_TO_32_BIT_CONVERSION = YES;
				GCC_WARN_ABOUT_RETURN_TYPE = YES_ERROR;
				GCC_WARN_UNDECLARED_SELECTOR = YES;
				GCC_WARN_UNINITIALIZED_AUTOS = YES_AGGRESSIVE;
				GCC_WARN_UNUSED_FUNCTION = YES;
				GCC_WARN_UNUSED_VARIABLE = YES;
				IPHONEOS_DEPLOYMENT_TARGET = 9.2;
				MTL_ENABLE_DEBUG_INFO = NO;
				SDKROOT = iphoneos;
				SWIFT_OPTIMIZATION_LEVEL = "-Owholemodule";
				TARGETED_DEVICE_FAMILY = 2;
				VALIDATE_PRODUCT = YES;
			};
			name = Release;
		};
		560A461C1CB4D5B80030AA0E /* Debug */ = {
			isa = XCBuildConfiguration;
			buildSettings = {
				ASSETCATALOG_COMPILER_APPICON_NAME = AppIcon;
				CLANG_ENABLE_MODULES = YES;
				FRAMEWORK_SEARCH_PATHS = (
					"$(inherited)",
					"$(PROJECT_DIR)",
				);
				"FRAMEWORK_SEARCH_PATHS[arch=*]" = /Volumes/LINSW/MyRecolorFramework;
				INFOPLIST_FILE = MyRecolor/Info.plist;
				IPHONEOS_DEPLOYMENT_TARGET = 9.1;
				LD_RUNPATH_SEARCH_PATHS = "$(inherited) @executable_path/Frameworks";
				PRODUCT_BUNDLE_IDENTIFIER = lsw.self.MyRecolor;
				PRODUCT_NAME = "$(TARGET_NAME)";
				SWIFT_OBJC_BRIDGING_HEADER = "MyRecolor/MyRecolor-Bridging-Header.h";
				SWIFT_OPTIMIZATION_LEVEL = "-Onone";
				SWIFT_VERSION = 3.0;
			};
			name = Debug;
		};
		560A461D1CB4D5B80030AA0E /* Release */ = {
			isa = XCBuildConfiguration;
			buildSettings = {
				ASSETCATALOG_COMPILER_APPICON_NAME = AppIcon;
				CLANG_ENABLE_MODULES = YES;
				FRAMEWORK_SEARCH_PATHS = (
					"$(inherited)",
					"$(PROJECT_DIR)",
				);
				"FRAMEWORK_SEARCH_PATHS[arch=*]" = /Volumes/LINSW/MyRecolorFramework;
				INFOPLIST_FILE = MyRecolor/Info.plist;
				IPHONEOS_DEPLOYMENT_TARGET = 9.1;
				LD_RUNPATH_SEARCH_PATHS = "$(inherited) @executable_path/Frameworks";
				PRODUCT_BUNDLE_IDENTIFIER = lsw.self.MyRecolor;
				PRODUCT_NAME = "$(TARGET_NAME)";
				SWIFT_OBJC_BRIDGING_HEADER = "MyRecolor/MyRecolor-Bridging-Header.h";
				SWIFT_VERSION = 3.0;
			};
			name = Release;
		};
		560A461F1CB4D5B80030AA0E /* Debug */ = {
			isa = XCBuildConfiguration;
			buildSettings = {
				BUNDLE_LOADER = "$(TEST_HOST)";
				INFOPLIST_FILE = MyRecolorTests/Info.plist;
				LD_RUNPATH_SEARCH_PATHS = "$(inherited) @executable_path/Frameworks @loader_path/Frameworks";
				PRODUCT_BUNDLE_IDENTIFIER = lsw.self.MyRecolorTests;
				PRODUCT_NAME = "$(TARGET_NAME)";
				SWIFT_VERSION = 3.0;
				TEST_HOST = "$(BUILT_PRODUCTS_DIR)/MyRecolor.app/MyRecolor";
			};
			name = Debug;
		};
		560A46201CB4D5B80030AA0E /* Release */ = {
			isa = XCBuildConfiguration;
			buildSettings = {
				BUNDLE_LOADER = "$(TEST_HOST)";
				INFOPLIST_FILE = MyRecolorTests/Info.plist;
				LD_RUNPATH_SEARCH_PATHS = "$(inherited) @executable_path/Frameworks @loader_path/Frameworks";
				PRODUCT_BUNDLE_IDENTIFIER = lsw.self.MyRecolorTests;
				PRODUCT_NAME = "$(TARGET_NAME)";
				SWIFT_VERSION = 3.0;
				TEST_HOST = "$(BUILT_PRODUCTS_DIR)/MyRecolor.app/MyRecolor";
			};
			name = Release;
		};
/* End XCBuildConfiguration section */

/* Begin XCConfigurationList section */
		560A45F91CB4D5B80030AA0E /* Build configuration list for PBXProject "MyRecolor" */ = {
			isa = XCConfigurationList;
			buildConfigurations = (
				560A46191CB4D5B80030AA0E /* Debug */,
				560A461A1CB4D5B80030AA0E /* Release */,
			);
			defaultConfigurationIsVisible = 0;
			defaultConfigurationName = Release;
		};
		560A461B1CB4D5B80030AA0E /* Build configuration list for PBXNativeTarget "MyRecolor" */ = {
			isa = XCConfigurationList;
			buildConfigurations = (
				560A461C1CB4D5B80030AA0E /* Debug */,
				560A461D1CB4D5B80030AA0E /* Release */,
			);
			defaultConfigurationIsVisible = 0;
			defaultConfigurationName = Release;
		};
		560A461E1CB4D5B80030AA0E /* Build configuration list for PBXNativeTarget "MyRecolorTests" */ = {
			isa = XCConfigurationList;
			buildConfigurations = (
				560A461F1CB4D5B80030AA0E /* Debug */,
				560A46201CB4D5B80030AA0E /* Release */,
			);
			defaultConfigurationIsVisible = 0;
			defaultConfigurationName = Release;
		};
/* End XCConfigurationList section */

/* Begin XCVersionGroup section */
		563597601CBE1A1C0062A764 /* ImageSource.xcdatamodeld */ = {
			isa = XCVersionGroup;
			children = (
				563597611CBE1A1C0062A764 /* ImageSource.xcdatamodel */,
			);
			currentVersion = 563597611CBE1A1C0062A764 /* ImageSource.xcdatamodel */;
			path = ImageSource.xcdatamodeld;
			sourceTree = "<group>";
			versionGroupType = wrapper.xcdatamodel;
		};
/* End XCVersionGroup section */
	};
	rootObject = 560A45F61CB4D5B80030AA0E /* Project object */;
}
